
Microsoft Visual Studio Solution File, Format Version 12.00
# Visual Studio Version 16
VisualStudioVersion = 16.0.30002.166
MinimumVisualStudioVersion = 10.0.40219.1
Project("{FAE04EC0-301F-11D3-BF4B-00C04F79EFBC}") = "Ohjelmistotuotanto_Projekti", "Ohjelmistotuotanto_Projekti\Ohjelmistotuotanto_Projekti.csproj", "{4CFDBD66-ECB8-42C7-AB39-74937482232E}"
EndProject
Global
	GlobalSection(SolutionConfigurationPlatforms) = preSolution
		Debug|Any CPU = Debug|Any CPU
		Release|Any CPU = Release|Any CPU
	EndGlobalSection
	GlobalSection(ProjectConfigurationPlatforms) = postSolution
		{4CFDBD66-ECB8-42C7-AB39-74937482232E}.Debug|Any CPU.ActiveCfg = Debug|Any CPU
		{4CFDBD66-ECB8-42C7-AB39-74937482232E}.Debug|Any CPU.Build.0 = Debug|Any CPU
		{4CFDBD66-ECB8-42C7-AB39-74937482232E}.Release|Any CPU.ActiveCfg = Release|Any CPU
		{4CFDBD66-ECB8-42C7-AB39-74937482232E}.Release|Any CPU.Build.0 = Release|Any CPU
	EndGlobalSection
	GlobalSection(SolutionProperties) = preSolution
		HideSolutionNode = FALSE
	EndGlobalSection
	GlobalSection(ExtensibilityGlobals) = postSolution
		SolutionGuid = {C22CEBA1-BBA2-4BD7-864B-2FEAE14227BE}
	EndGlobalSection
EndGlobal
